
Microsoft Visual Studio Solution File, Format Version 12.00
# Visual Studio 15
VisualStudioVersion = 15.0.27130.2010
MinimumVisualStudioVersion = 10.0.40219.1
Project("{FAE04EC0-301F-11D3-BF4B-00C04F79EFBC}") = "RestaurantReviewSystem", "RestaurantReviewSystem\RestaurantReviewSystem.csproj", "{7E52B9AF-6153-49BF-8E10-1FF1FF0F7285}"
EndProject
Global
	GlobalSection(SolutionConfigurationPlatforms) = preSolution
		Debug|Any CPU = Debug|Any CPU
		Release|Any CPU = Release|Any CPU
	EndGlobalSection
	GlobalSection(ProjectConfigurationPlatforms) = postSolution
		{7E52B9AF-6153-49BF-8E10-1FF1FF0F7285}.Debug|Any CPU.ActiveCfg = Debug|Any CPU
		{7E52B9AF-6153-49BF-8E10-1FF1FF0F7285}.Debug|Any CPU.Build.0 = Debug|Any CPU
		{7E52B9AF-6153-49BF-8E10-1FF1FF0F7285}.Release|Any CPU.ActiveCfg = Release|Any CPU
		{7E52B9AF-6153-49BF-8E10-1FF1FF0F7285}.Release|Any CPU.Build.0 = Release|Any CPU
	EndGlobalSection
	GlobalSection(SolutionProperties) = preSolution
		HideSolutionNode = FALSE
	EndGlobalSection
	GlobalSection(ExtensibilityGlobals) = postSolution
		SolutionGuid = {0B0DA8AB-4A8E-453D-ADC3-EB2FAB95EA25}
	EndGlobalSection
EndGlobal
